
Microsoft Visual Studio Solution File, Format Version 12.00
# Visual Studio Version 17
VisualStudioVersion = 17.9.34607.119
MinimumVisualStudioVersion = 10.0.40219.1
Project("{9A19103F-16F7-4668-BE54-9A1E7A4F7556}") = "ElectricityBillManagementByChatGpt", "ConsoleApp1\ElectricityBillManagementByChatGpt.csproj", "{A49AD3CD-4497-4CAB-A0BC-090AB63B5BFA}"
EndProject
Project("{FAE04EC0-301F-11D3-BF4B-00C04F79EFBC}") = "Lab2", "Lab2\Lab2.csproj", "{D323BE95-EF02-4F1D-A43C-25008E46D672}"
EndProject
Global
	GlobalSection(SolutionConfigurationPlatforms) = preSolution
		Debug|Any CPU = Debug|Any CPU
		Release|Any CPU = Release|Any CPU
	EndGlobalSection
	GlobalSection(ProjectConfigurationPlatforms) = postSolution
		{A49AD3CD-4497-4CAB-A0BC-090AB63B5BFA}.Debug|Any CPU.ActiveCfg = Debug|Any CPU
		{A49AD3CD-4497-4CAB-A0BC-090AB63B5BFA}.Debug|Any CPU.Build.0 = Debug|Any CPU
		{A49AD3CD-4497-4CAB-A0BC-090AB63B5BFA}.Release|Any CPU.ActiveCfg = Release|Any CPU
		{A49AD3CD-4497-4CAB-A0BC-090AB63B5BFA}.Release|Any CPU.Build.0 = Release|Any CPU
		{D323BE95-EF02-4F1D-A43C-25008E46D672}.Debug|Any CPU.ActiveCfg = Debug|Any CPU
		{D323BE95-EF02-4F1D-A43C-25008E46D672}.Debug|Any CPU.Build.0 = Debug|Any CPU
		{D323BE95-EF02-4F1D-A43C-25008E46D672}.Release|Any CPU.ActiveCfg = Release|Any CPU
		{D323BE95-EF02-4F1D-A43C-25008E46D672}.Release|Any CPU.Build.0 = Release|Any CPU
	EndGlobalSection
	GlobalSection(SolutionProperties) = preSolution
		HideSolutionNode = FALSE
	EndGlobalSection
	GlobalSection(ExtensibilityGlobals) = postSolution
		SolutionGuid = {B9C1EBBC-42C2-4A34-864E-6D087D701FC6}
	EndGlobalSection
EndGlobal
